
Microsoft Visual Studio Solution File, Format Version 12.00
# Visual Studio 15
VisualStudioVersion = 15.0.28307.779
MinimumVisualStudioVersion = 10.0.40219.1
Project("{9A19103F-16F7-4668-BE54-9A1E7A4F7556}") = "API", "API\API.csproj", "{102DCCBE-7F74-4DB6-88B1-B72AF8F72771}"
EndProject
Project("{9A19103F-16F7-4668-BE54-9A1E7A4F7556}") = "CDD", "CDD\CDD.csproj", "{30B7E1FE-C8D9-4E87-9891-A814D999F8B0}"
EndProject
Project("{9A19103F-16F7-4668-BE54-9A1E7A4F7556}") = "CNG", "CNG\CNG.csproj", "{622ED71B-6668-42E3-8680-73038E51F6AE}"
EndProject
Project("{9A19103F-16F7-4668-BE54-9A1E7A4F7556}") = "MDL", "MDL\MDL.csproj", "{DB30695B-CE4E-48C8-8A0F-D423CE1F1335}"
EndProject
Global
	GlobalSection(SolutionConfigurationPlatforms) = preSolution
		Debug|Any CPU = Debug|Any CPU
		Release|Any CPU = Release|Any CPU
	EndGlobalSection
	GlobalSection(ProjectConfigurationPlatforms) = postSolution
		{102DCCBE-7F74-4DB6-88B1-B72AF8F72771}.Debug|Any CPU.ActiveCfg = Debug|Any CPU
		{102DCCBE-7F74-4DB6-88B1-B72AF8F72771}.Debug|Any CPU.Build.0 = Debug|Any CPU
		{102DCCBE-7F74-4DB6-88B1-B72AF8F72771}.Release|Any CPU.ActiveCfg = Release|Any CPU
		{102DCCBE-7F74-4DB6-88B1-B72AF8F72771}.Release|Any CPU.Build.0 = Release|Any CPU
		{30B7E1FE-C8D9-4E87-9891-A814D999F8B0}.Debug|Any CPU.ActiveCfg = Debug|Any CPU
		{30B7E1FE-C8D9-4E87-9891-A814D999F8B0}.Debug|Any CPU.Build.0 = Debug|Any CPU
		{30B7E1FE-C8D9-4E87-9891-A814D999F8B0}.Release|Any CPU.ActiveCfg = Release|Any CPU
		{30B7E1FE-C8D9-4E87-9891-A814D999F8B0}.Release|Any CPU.Build.0 = Release|Any CPU
		{622ED71B-6668-42E3-8680-73038E51F6AE}.Debug|Any CPU.ActiveCfg = Debug|Any CPU
		{622ED71B-6668-42E3-8680-73038E51F6AE}.Debug|Any CPU.Build.0 = Debug|Any CPU
		{622ED71B-6668-42E3-8680-73038E51F6AE}.Release|Any CPU.ActiveCfg = Release|Any CPU
		{622ED71B-6668-42E3-8680-73038E51F6AE}.Release|Any CPU.Build.0 = Release|Any CPU
		{DB30695B-CE4E-48C8-8A0F-D423CE1F1335}.Debug|Any CPU.ActiveCfg = Debug|Any CPU
		{DB30695B-CE4E-48C8-8A0F-D423CE1F1335}.Debug|Any CPU.Build.0 = Debug|Any CPU
		{DB30695B-CE4E-48C8-8A0F-D423CE1F1335}.Release|Any CPU.ActiveCfg = Release|Any CPU
		{DB30695B-CE4E-48C8-8A0F-D423CE1F1335}.Release|Any CPU.Build.0 = Release|Any CPU
	EndGlobalSection
	GlobalSection(SolutionProperties) = preSolution
		HideSolutionNode = FALSE
	EndGlobalSection
	GlobalSection(ExtensibilityGlobals) = postSolution
		SolutionGuid = {16003159-AE7F-4521-8B61-5C1E475FF610}
	EndGlobalSection
EndGlobal
